{
  "name": "rollcall_predict_frontend",
  "version": "1.0.0",
  "lockfileVersion": 1,
  "requires": true,
  "dependencies": {
    "fs": {
      "version": "0.0.1-security",
      "resolved": "https://registry.npmjs.org/fs/-/fs-0.0.1-security.tgz",
      "integrity": "sha512-3XY9e1pP0CVEUCdj5BmfIZxRBTSDycnbqhIOGec9QYtmVH2fbLpj86CFWkrNOkt/Fvty4KZG5lTglL9j/gJ87w=="
    },
    "ncp": {
      "version": "2.0.0",
      "resolved": "https://registry.npmjs.org/ncp/-/ncp-2.0.0.tgz",
      "integrity": "sha512-zIdGUrPRFTUELUvr3Gmc7KZ2Sw/h1PiVM0Af/oHB6zgnV1ikqSfRk+TOufi79aHYCW3NiOXmr1BP5nWbzojLaA=="
    }
  }
}
